
Microsoft Visual Studio Solution File, Format Version 12.00
# Visual Studio Version 16
VisualStudioVersion = 16.0.29613.14
MinimumVisualStudioVersion = 10.0.40219.1
Project("{FAE04EC0-301F-11D3-BF4B-00C04F79EFBC}") = "SharpWatchdogs", "SharpWatchdogs\SharpWatchdogs.csproj", "{305B9B00-F887-4965-9EEE-DEC412C3774B}"
EndProject
Global
	GlobalSection(SolutionConfigurationPlatforms) = preSolution
		Debug|Any CPU = Debug|Any CPU
		Release|Any CPU = Release|Any CPU
	EndGlobalSection
	GlobalSection(ProjectConfigurationPlatforms) = postSolution
		{305B9B00-F887-4965-9EEE-DEC412C3774B}.Debug|Any CPU.ActiveCfg = Debug|Any CPU
		{305B9B00-F887-4965-9EEE-DEC412C3774B}.Debug|Any CPU.Build.0 = Debug|Any CPU
		{305B9B00-F887-4965-9EEE-DEC412C3774B}.Release|Any CPU.ActiveCfg = Release|Any CPU
		{305B9B00-F887-4965-9EEE-DEC412C3774B}.Release|Any CPU.Build.0 = Release|Any CPU
	EndGlobalSection
	GlobalSection(SolutionProperties) = preSolution
		HideSolutionNode = FALSE
	EndGlobalSection
	GlobalSection(ExtensibilityGlobals) = postSolution
		SolutionGuid = {1FA160AD-B100-4E92-9361-DD12A3C1A03D}
	EndGlobalSection
EndGlobal
